
Microsoft Visual Studio Solution File, Format Version 12.00
# Visual Studio Version 16
VisualStudioVersion = 16.0.31402.337
MinimumVisualStudioVersion = 10.0.40219.1
Project("{9A19103F-16F7-4668-BE54-9A1E7A4F7556}") = "TemplateBackend", "TemplateBackend\TemplateBackend.csproj", "{5DD0F841-4BB6-4F7A-AAFE-3D1210B5C260}"
EndProject
Project("{9A19103F-16F7-4668-BE54-9A1E7A4F7556}") = "WebConsoleConnector", "WebConsoleConnector\WebConsoleConnector.csproj", "{011A7851-6F47-491E-8C83-DA7403251DEE}"
EndProject
Project("{FAE04EC0-301F-11D3-BF4B-00C04F79EFBC}") = "TemplateWorker", "TemplateWorker\TemplateWorker.csproj", "{8668C8B5-943B-4091-99C0-8A54A4721454}"
EndProject
Global
	GlobalSection(SolutionConfigurationPlatforms) = preSolution
		Debug|Any CPU = Debug|Any CPU
		Release|Any CPU = Release|Any CPU
	EndGlobalSection
	GlobalSection(ProjectConfigurationPlatforms) = postSolution
		{5DD0F841-4BB6-4F7A-AAFE-3D1210B5C260}.Debug|Any CPU.ActiveCfg = Debug|Any CPU
		{5DD0F841-4BB6-4F7A-AAFE-3D1210B5C260}.Debug|Any CPU.Build.0 = Debug|Any CPU
		{5DD0F841-4BB6-4F7A-AAFE-3D1210B5C260}.Release|Any CPU.ActiveCfg = Release|Any CPU
		{5DD0F841-4BB6-4F7A-AAFE-3D1210B5C260}.Release|Any CPU.Build.0 = Release|Any CPU
		{011A7851-6F47-491E-8C83-DA7403251DEE}.Debug|Any CPU.ActiveCfg = Debug|Any CPU
		{011A7851-6F47-491E-8C83-DA7403251DEE}.Debug|Any CPU.Build.0 = Debug|Any CPU
		{011A7851-6F47-491E-8C83-DA7403251DEE}.Release|Any CPU.ActiveCfg = Release|Any CPU
		{011A7851-6F47-491E-8C83-DA7403251DEE}.Release|Any CPU.Build.0 = Release|Any CPU
		{8668C8B5-943B-4091-99C0-8A54A4721454}.Debug|Any CPU.ActiveCfg = Debug|Any CPU
		{8668C8B5-943B-4091-99C0-8A54A4721454}.Debug|Any CPU.Build.0 = Debug|Any CPU
		{8668C8B5-943B-4091-99C0-8A54A4721454}.Release|Any CPU.ActiveCfg = Release|Any CPU
		{8668C8B5-943B-4091-99C0-8A54A4721454}.Release|Any CPU.Build.0 = Release|Any CPU
	EndGlobalSection
	GlobalSection(SolutionProperties) = preSolution
		HideSolutionNode = FALSE
	EndGlobalSection
	GlobalSection(ExtensibilityGlobals) = postSolution
		SolutionGuid = {86661A94-75F0-4572-9CC0-5C4CD0C68ED4}
	EndGlobalSection
EndGlobal
